
Microsoft Visual Studio Solution File, Format Version 12.00
# Visual Studio Version 16
VisualStudioVersion = 16.0.30503.244
MinimumVisualStudioVersion = 10.0.40219.1
Project("{FAE04EC0-301F-11D3-BF4B-00C04F79EFBC}") = "NapierBankingApp", "NapierBankingApp\NapierBankingApp.csproj", "{08B7BCA6-5F70-48AC-B8BF-7E85F91AB42D}"
EndProject
Project("{9A19103F-16F7-4668-BE54-9A1E7A4F7556}") = "NPMTest", "NPMTest\NPMTest.csproj", "{8EB01EE1-F73C-4892-8E4F-ADBB59EC7E5F}"
EndProject
Global
	GlobalSection(SolutionConfigurationPlatforms) = preSolution
		Debug|Any CPU = Debug|Any CPU
		Release|Any CPU = Release|Any CPU
	EndGlobalSection
	GlobalSection(ProjectConfigurationPlatforms) = postSolution
		{08B7BCA6-5F70-48AC-B8BF-7E85F91AB42D}.Debug|Any CPU.ActiveCfg = Debug|Any CPU
		{08B7BCA6-5F70-48AC-B8BF-7E85F91AB42D}.Debug|Any CPU.Build.0 = Debug|Any CPU
		{08B7BCA6-5F70-48AC-B8BF-7E85F91AB42D}.Release|Any CPU.ActiveCfg = Release|Any CPU
		{08B7BCA6-5F70-48AC-B8BF-7E85F91AB42D}.Release|Any CPU.Build.0 = Release|Any CPU
		{8EB01EE1-F73C-4892-8E4F-ADBB59EC7E5F}.Debug|Any CPU.ActiveCfg = Debug|Any CPU
		{8EB01EE1-F73C-4892-8E4F-ADBB59EC7E5F}.Debug|Any CPU.Build.0 = Debug|Any CPU
		{8EB01EE1-F73C-4892-8E4F-ADBB59EC7E5F}.Release|Any CPU.ActiveCfg = Release|Any CPU
		{8EB01EE1-F73C-4892-8E4F-ADBB59EC7E5F}.Release|Any CPU.Build.0 = Release|Any CPU
	EndGlobalSection
	GlobalSection(SolutionProperties) = preSolution
		HideSolutionNode = FALSE
	EndGlobalSection
	GlobalSection(ExtensibilityGlobals) = postSolution
		SolutionGuid = {31BB55E3-A2F7-47BC-ABD9-2572FFD478F7}
	EndGlobalSection
EndGlobal
